{
  "name": "ayame-spell",
  "version": "0.4.0",
  "lockfileVersion": 3,
  "requires": true,
  "packages": {
    "": {
      "name": "ayame-spell",
      "version": "0.4.0",
      "hasInstallScript": true,
      "license": "MIT OR Apache-2.0",
      "bin": {
        "ayame-spell": "bin/ayame-spell.js"
      },
      "engines": {
        "node": ">=18"
      }
    }
  }
}
